Microsoft Visual Studio Solution File, Format Version 12.00
# Visual Studio 2012
Project("{FAE04EC0-301F-11D3-BF4B-00C04F79EFBC}") = "Logica", "Logica.csproj", "{F31FC501-78DD-488B-AD8C-B6060D8DDC6B}"
EndProject
Global
	GlobalSection(SolutionConfigurationPlatforms) = preSolution
	Debug|Any CPU = Debug|Any CPU
	ExportDebug|Any CPU = ExportDebug|Any CPU
	ExportRelease|Any CPU = ExportRelease|Any CPU
	EndGlobalSection
	GlobalSection(ProjectConfigurationPlatforms) = postSolution
		{F31FC501-78DD-488B-AD8C-B6060D8DDC6B}.Debug|Any CPU.ActiveCfg = Debug|Any CPU
		{F31FC501-78DD-488B-AD8C-B6060D8DDC6B}.Debug|Any CPU.Build.0 = Debug|Any CPU
		{F31FC501-78DD-488B-AD8C-B6060D8DDC6B}.ExportDebug|Any CPU.ActiveCfg = ExportDebug|Any CPU
		{F31FC501-78DD-488B-AD8C-B6060D8DDC6B}.ExportDebug|Any CPU.Build.0 = ExportDebug|Any CPU
		{F31FC501-78DD-488B-AD8C-B6060D8DDC6B}.ExportRelease|Any CPU.ActiveCfg = ExportRelease|Any CPU
		{F31FC501-78DD-488B-AD8C-B6060D8DDC6B}.ExportRelease|Any CPU.Build.0 = ExportRelease|Any CPU
	EndGlobalSection
EndGlobal
